<Solution>
  <Project Path="CsharpTask1/CsharpTask1.csproj" Id="c84b9fc6-fbf1-4360-a03c-aa8ea3d362fa" />
  <Project Path="CsharpTask2/CsharpTask2.csproj" Id="aec352e3-e475-4c81-97bc-96f8a6fbefe4" />
  <Project Path="CsharpTask3/CsharpTask3.csproj" />
  <Project Path="CsharpTask4/CsharpTask4.csproj" Id="b12044ee-7517-4e98-8d4b-d18d225e9564" />
</Solution>
